
Microsoft Visual Studio Solution File, Format Version 12.00
# Visual Studio 15
VisualStudioVersion = 15.0.27703.2000
MinimumVisualStudioVersion = 10.0.40219.1
Project("{8BC9CEB8-8B4A-11D0-8D11-00A0C91BC942}") = "ConsoleApplication1", "ConsoleApplication1\ConsoleApplication1.vcxproj", "{5EFA4CC0-E970-46CC-A079-D2BA1C85C0DC}"
EndProject
Global
	GlobalSection(SolutionConfigurationPlatforms) = preSolution
		Debug|x64 = Debug|x64
		Debug|x86 = Debug|x86
		Release|x64 = Release|x64
		Release|x86 = Release|x86
	EndGlobalSection
	GlobalSection(ProjectConfigurationPlatforms) = postSolution
		{5EFA4CC0-E970-46CC-A079-D2BA1C85C0DC}.Debug|x64.ActiveCfg = Debug|x64
		{5EFA4CC0-E970-46CC-A079-D2BA1C85C0DC}.Debug|x64.Build.0 = Debug|x64
		{5EFA4CC0-E970-46CC-A079-D2BA1C85C0DC}.Debug|x86.ActiveCfg = Debug|Win32
		{5EFA4CC0-E970-46CC-A079-D2BA1C85C0DC}.Debug|x86.Build.0 = Debug|Win32
		{5EFA4CC0-E970-46CC-A079-D2BA1C85C0DC}.Release|x64.ActiveCfg = Release|x64
		{5EFA4CC0-E970-46CC-A079-D2BA1C85C0DC}.Release|x64.Build.0 = Release|x64
		{5EFA4CC0-E970-46CC-A079-D2BA1C85C0DC}.Release|x86.ActiveCfg = Release|Win32
		{5EFA4CC0-E970-46CC-A079-D2BA1C85C0DC}.Release|x86.Build.0 = Release|Win32
	EndGlobalSection
	GlobalSection(SolutionProperties) = preSolution
		HideSolutionNode = FALSE
	EndGlobalSection
	GlobalSection(ExtensibilityGlobals) = postSolution
		SolutionGuid = {228076AD-6AE4-41CE-AD0C-7F49B2938B73}
	EndGlobalSection
EndGlobal
